
Microsoft Visual Studio Solution File, Format Version 12.00
# Visual Studio Version 17
VisualStudioVersion = 17.10.34928.147
MinimumVisualStudioVersion = 10.0.40219.1
Project("{FAE04EC0-301F-11D3-BF4B-00C04F79EFBC}") = "frame-digital-api", "frame-digital-api\frame-digital-api.csproj", "{E97D5703-0EE3-4132-BC56-5BB31D785478}"
EndProject
Global
	GlobalSection(SolutionConfigurationPlatforms) = preSolution
		Debug|Any CPU = Debug|Any CPU
		Release|Any CPU = Release|Any CPU
	EndGlobalSection
	GlobalSection(ProjectConfigurationPlatforms) = postSolution
		{E97D5703-0EE3-4132-BC56-5BB31D785478}.Debug|Any CPU.ActiveCfg = Debug|Any CPU
		{E97D5703-0EE3-4132-BC56-5BB31D785478}.Debug|Any CPU.Build.0 = Debug|Any CPU
		{E97D5703-0EE3-4132-BC56-5BB31D785478}.Release|Any CPU.ActiveCfg = Release|Any CPU
		{E97D5703-0EE3-4132-BC56-5BB31D785478}.Release|Any CPU.Build.0 = Release|Any CPU
	EndGlobalSection
	GlobalSection(SolutionProperties) = preSolution
		HideSolutionNode = FALSE
	EndGlobalSection
	GlobalSection(ExtensibilityGlobals) = postSolution
		SolutionGuid = {8C83CE77-15F2-4D84-B014-E65DE6753EF8}
	EndGlobalSection
EndGlobal
